{
  "requires": true,
  "lockfileVersion": 1,
  "dependencies": {
    "react-custom-radio": {
      "version": "1.0.7",
      "resolved": "https://registry.npmjs.org/react-custom-radio/-/react-custom-radio-1.0.7.tgz",
      "integrity": "sha512-+ZzvHb3iknvtV2lzhZ2trJ+D3Ver06U5aItRTeBkFfebUT0/lW3xKjwDyP50ghLCWnCRrr9guyIq3cDEbVliUw=="
    }
  }
}
